
Microsoft Visual Studio Solution File, Format Version 12.00
# Visual Studio 15
VisualStudioVersion = 15.0.26403.7
MinimumVisualStudioVersion = 10.0.40219.1
Project("{9A19103F-16F7-4668-BE54-9A1E7A4F7556}") = "UpYun.NETCore.SDK", "UpYun.NETCore.SDK\UpYun.NETCore.SDK.csproj", "{D142B8B8-FBC3-4B2A-9263-AF3AA8ACE78E}"
EndProject
Project("{9A19103F-16F7-4668-BE54-9A1E7A4F7556}") = "UpYun.NETCore.SDK.Test", "UpYun.NETCore.Test\UpYun.NETCore.SDK.Test.csproj", "{954D9360-F293-4E61-A47A-D3C84D310156}"
EndProject
Project("{FAE04EC0-301F-11D3-BF4B-00C04F79EFBC}") = "UpYun.NETCore.SDK.Samples", "UpYun.NETCore.SDK.Samples\UpYun.NETCore.SDK.Samples.csproj", "{953F4BA1-2A16-4BEB-855F-ECD532378880}"
EndProject
Global
	GlobalSection(SolutionConfigurationPlatforms) = preSolution
		Debug|Any CPU = Debug|Any CPU
		Release|Any CPU = Release|Any CPU
	EndGlobalSection
	GlobalSection(ProjectConfigurationPlatforms) = postSolution
		{D142B8B8-FBC3-4B2A-9263-AF3AA8ACE78E}.Debug|Any CPU.ActiveCfg = Debug|Any CPU
		{D142B8B8-FBC3-4B2A-9263-AF3AA8ACE78E}.Debug|Any CPU.Build.0 = Debug|Any CPU
		{D142B8B8-FBC3-4B2A-9263-AF3AA8ACE78E}.Release|Any CPU.ActiveCfg = Release|Any CPU
		{D142B8B8-FBC3-4B2A-9263-AF3AA8ACE78E}.Release|Any CPU.Build.0 = Release|Any CPU
		{954D9360-F293-4E61-A47A-D3C84D310156}.Debug|Any CPU.ActiveCfg = Debug|Any CPU
		{954D9360-F293-4E61-A47A-D3C84D310156}.Debug|Any CPU.Build.0 = Debug|Any CPU
		{954D9360-F293-4E61-A47A-D3C84D310156}.Release|Any CPU.ActiveCfg = Release|Any CPU
		{954D9360-F293-4E61-A47A-D3C84D310156}.Release|Any CPU.Build.0 = Release|Any CPU
		{953F4BA1-2A16-4BEB-855F-ECD532378880}.Debug|Any CPU.ActiveCfg = Debug|Any CPU
		{953F4BA1-2A16-4BEB-855F-ECD532378880}.Debug|Any CPU.Build.0 = Debug|Any CPU
		{953F4BA1-2A16-4BEB-855F-ECD532378880}.Release|Any CPU.ActiveCfg = Release|Any CPU
		{953F4BA1-2A16-4BEB-855F-ECD532378880}.Release|Any CPU.Build.0 = Release|Any CPU
	EndGlobalSection
	GlobalSection(SolutionProperties) = preSolution
		HideSolutionNode = FALSE
	EndGlobalSection
	GlobalSection(ExtensibilityGlobals) = postSolution
		SolutionGuid = {4394D2CE-A240-4821-816E-C9A0B5CD8A8E}
	EndGlobalSection
EndGlobal
